
Microsoft Visual Studio Solution File, Format Version 12.00
# Visual Studio Version 17
VisualStudioVersion = 17.9.34616.47
MinimumVisualStudioVersion = 10.0.40219.1
Project("{FAE04EC0-301F-11D3-BF4B-00C04F79EFBC}") = "BookStoreApi", "BookStoreApi\BookStoreApi.csproj", "{861462D0-D00B-4A75-9630-1484464AD71E}"
EndProject
Global
	GlobalSection(SolutionConfigurationPlatforms) = preSolution
		Debug|Any CPU = Debug|Any CPU
		Release|Any CPU = Release|Any CPU
	EndGlobalSection
	GlobalSection(ProjectConfigurationPlatforms) = postSolution
		{861462D0-D00B-4A75-9630-1484464AD71E}.Debug|Any CPU.ActiveCfg = Debug|Any CPU
		{861462D0-D00B-4A75-9630-1484464AD71E}.Debug|Any CPU.Build.0 = Debug|Any CPU
		{861462D0-D00B-4A75-9630-1484464AD71E}.Release|Any CPU.ActiveCfg = Release|Any CPU
		{861462D0-D00B-4A75-9630-1484464AD71E}.Release|Any CPU.Build.0 = Release|Any CPU
	EndGlobalSection
	GlobalSection(SolutionProperties) = preSolution
		HideSolutionNode = FALSE
	EndGlobalSection
	GlobalSection(ExtensibilityGlobals) = postSolution
		SolutionGuid = {2025E6A1-BE3D-450F-B600-3C990D10F181}
	EndGlobalSection
EndGlobal
